{
  "name": "gh-package-consumer",
  "version": "0.0.1",
  "lockfileVersion": 1,
  "requires": true,
  "dependencies": {
    "@amannn/gh-package-test": {
      "version": "0.0.1",
      "resolved": "https://npm.pkg.github.com/download/@amannn/gh-package-test/0.0.1/08c37851d859f95873c5b2efd5f23b0de320b7b584e3d0bfdb3cb292742a2cad",
      "integrity": "sha512-NmNbFM6n7hxuR+aCa6mxegIuVtqNemRtjpQizR/Avxiy1cM8li8+5YY4TYtqb5taaD4VBYDFwxNzVXB+kGN3Qg=="
    }
  }
}
